// !$*UTF8*$!
{
	archiveVersion = 1;
	classes = {
	};
	objectVersion = 55;
	objects = {

/* Begin PBXBuildFile section */
		1BBC329A3B1597E718497353 /* Pods_Be_happy.framework in Frameworks */ = {isa = PBXBuildFile; fileRef = B814B3EBAF39DEF1D0C5E41A /* Pods_Be_happy.framework */; };
		770ECB9927BFDBC500FF5D61 /* PostsTableViewCell.swift in Sources */ = {isa = PBXBuildFile; fileRef = 770ECB9827BFDBC500FF5D61 /* PostsTableViewCell.swift */; };
		772DD28527BD41C500557D04 /* LoginViewController.swift in Sources */ = {isa = PBXBuildFile; fileRef = 772DD28427BD41C500557D04 /* LoginViewController.swift */; };
		772DD28727BD41EF00557D04 /* CadastroViewController.swift in Sources */ = {isa = PBXBuildFile; fileRef = 772DD28627BD41EF00557D04 /* CadastroViewController.swift */; };
		7749741927BC870400D47F9D /* AppDelegate.swift in Sources */ = {isa = PBXBuildFile; fileRef = 7749741827BC870400D47F9D /* AppDelegate.swift */; };
		7749741B27BC870400D47F9D /* SceneDelegate.swift in Sources */ = {isa = PBXBuildFile; fileRef = 7749741A27BC870400D47F9D /* SceneDelegate.swift */; };
		7749742027BC870400D47F9D /* Main.storyboard in Resources */ = {isa = PBXBuildFile; fileRef = 7749741E27BC870400D47F9D /* Main.storyboard */; };
		7749742227BC870500D47F9D /* Assets.xcassets in Resources */ = {isa = PBXBuildFile; fileRef = 7749742127BC870500D47F9D /* Assets.xcassets */; };
		7749742527BC870500D47F9D /* LaunchScreen.storyboard in Resources */ = {isa = PBXBuildFile; fileRef = 7749742327BC870500D47F9D /* LaunchScreen.storyboard */; };
		7749742D27BC881E00D47F9D /* GoogleService-Info.plist in Resources */ = {isa = PBXBuildFile; fileRef = 7749742C27BC881E00D47F9D /* GoogleService-Info.plist */; };
		77B741F627BDCC0500D3C54E /* PerfilViewController.swift in Sources */ = {isa = PBXBuildFile; fileRef = 77B741F527BDCC0500D3C54E /* PerfilViewController.swift */; };
		77B741F827BDCC1800D3C54E /* UsuariosViewController.swift in Sources */ = {isa = PBXBuildFile; fileRef = 77B741F727BDCC1800D3C54E /* UsuariosViewController.swift */; };
		77ED159727BE879A00E8F1F1 /* PostViewController.swift in Sources */ = {isa = PBXBuildFile; fileRef = 77ED159627BE879A00E8F1F1 /* PostViewController.swift */; };
/* End PBXBuildFile section */

/* Begin PBXFileReference section */
		2CF47A9F2558DB9443104B7C /* Pods-Be happy.debug.xcconfig */ = {isa = PBXFileReference; includeInIndex = 1; lastKnownFileType = text.xcconfig; name = "Pods-Be happy.debug.xcconfig"; path = "Target Support Files/Pods-Be happy/Pods-Be happy.debug.xcconfig"; sourceTree = "<group>"; };
		6C648E5CE30CC71D7C5C964C /* Pods-Be happy.release.xcconfig */ = {isa = PBXFileReference; includeInIndex = 1; lastKnownFileType = text.xcconfig; name = "Pods-Be happy.release.xcconfig"; path = "Target Support Files/Pods-Be happy/Pods-Be happy.release.xcconfig"; sourceTree = "<group>"; };
		770ECB9827BFDBC500FF5D61 /* PostsTableViewCell.swift */ = {isa = PBXFileReference; lastKnownFileType = sourcecode.swift; path = PostsTableViewCell.swift; sourceTree = "<group>"; };
		772DD28427BD41C500557D04 /* LoginViewController.swift */ = {isa = PBXFileReference; lastKnownFileType = sourcecode.swift; path = LoginViewController.swift; sourceTree = "<group>"; };
		772DD28627BD41EF00557D04 /* CadastroViewController.swift */ = {isa = PBXFileReference; lastKnownFileType = sourcecode.swift; path = CadastroViewController.swift; sourceTree = "<group>"; };
		7749741527BC870400D47F9D /* Be happy.app */ = {isa = PBXFileReference; explicitFileType = wrapper.application; includeInIndex = 0; path = "Be happy.app"; sourceTree = BUILT_PRODUCTS_DIR; };
		7749741827BC870400D47F9D /* AppDelegate.swift */ = {isa = PBXFileReference; lastKnownFileType = sourcecode.swift; path = AppDelegate.swift; sourceTree = "<group>"; };
		7749741A27BC870400D47F9D /* SceneDelegate.swift */ = {isa = PBXFileReference; lastKnownFileType = sourcecode.swift; path = SceneDelegate.swift; sourceTree = "<group>"; };
		7749741F27BC870400D47F9D /* Base */ = {isa = PBXFileReference; lastKnownFileType = file.storyboard; name = Base; path = Base.lproj/Main.storyboard; sourceTree = "<group>"; };
		7749742127BC870500D47F9D /* Assets.xcassets */ = {isa = PBXFileReference; lastKnownFileType = folder.assetcatalog; path = Assets.xcassets; sourceTree = "<group>"; };
		7749742427BC870500D47F9D /* Base */ = {isa = PBXFileReference; lastKnownFileType = file.storyboard; name = Base; path = Base.lproj/LaunchScreen.storyboard; sourceTree = "<group>"; };
		7749742627BC870500D47F9D /* Info.plist */ = {isa = PBXFileReference; lastKnownFileType = text.plist.xml; path = Info.plist; sourceTree = "<group>"; };
		7749742C27BC881E00D47F9D /* GoogleService-Info.plist */ = {isa = PBXFileReference; fileEncoding = 4; lastKnownFileType = text.plist.xml; path = "GoogleService-Info.plist"; sourceTree = "<group>"; };
		77B741F527BDCC0500D3C54E /* PerfilViewController.swift */ = {isa = PBXFileReference; lastKnownFileType = sourcecode.swift; path = PerfilViewController.swift; sourceTree = "<group>"; };
		77B741F727BDCC1800D3C54E /* UsuariosViewController.swift */ = {isa = PBXFileReference; lastKnownFileType = sourcecode.swift; path = UsuariosViewController.swift; sourceTree = "<group>"; };
		77ED159627BE879A00E8F1F1 /* PostViewController.swift */ = {isa = PBXFileReference; lastKnownFileType = sourcecode.swift; path = PostViewController.swift; sourceTree = "<group>"; };
		B814B3EBAF39DEF1D0C5E41A /* Pods_Be_happy.framework */ = {isa = PBXFileReference; explicitFileType = wrapper.framework; includeInIndex = 0; path = Pods_Be_happy.framework; sourceTree = BUILT_PRODUCTS_DIR; };
/* End PBXFileReference section */

/* Begin PBXFrameworksBuildPhase section */
		7749741227BC870400D47F9D /* Frameworks */ = {
			isa = PBXFrameworksBuildPhase;
			buildActionMask = 2147483647;
			files = (
				1BBC329A3B1597E718497353 /* Pods_Be_happy.framework in Frameworks */,
			);
			runOnlyForDeploymentPostprocessing = 0;
		};
/* End PBXFrameworksBuildPhase section */

/* Begin PBXGroup section */
		770ECB9727BFDB8000FF5D61 /* tableViewcell */ = {
			isa = PBXGroup;
			children = (
				770ECB9827BFDBC500FF5D61 /* PostsTableViewCell.swift */,
			);
			path = tableViewcell;
			sourceTree = "<group>";
		};
		772DD28327BD415D00557D04 /* viewController */ = {
			isa = PBXGroup;
			children = (
				77B741F427BDCBE700D3C54E /* abas */,
				772DD28427BD41C500557D04 /* LoginViewController.swift */,
				772DD28627BD41EF00557D04 /* CadastroViewController.swift */,
			);
			path = viewController;
			sourceTree = "<group>";
		};
		7749740C27BC870400D47F9D = {
			isa = PBXGroup;
			children = (
				7749741727BC870400D47F9D /* Be happy */,
				7749741627BC870400D47F9D /* Products */,
				EA2E38D8A44A9AC3C8F036E1 /* Pods */,
				DA371B9C086BF9D3664E6047 /* Frameworks */,
			);
			sourceTree = "<group>";
		};
		7749741627BC870400D47F9D /* Products */ = {
			isa = PBXGroup;
			children = (
				7749741527BC870400D47F9D /* Be happy.app */,
			);
			name = Products;
			sourceTree = "<group>";
		};
		7749741727BC870400D47F9D /* Be happy */ = {
			isa = PBXGroup;
			children = (
				770ECB9727BFDB8000FF5D61 /* tableViewcell */,
				772DD28327BD415D00557D04 /* viewController */,
				7749741827BC870400D47F9D /* AppDelegate.swift */,
				7749741A27BC870400D47F9D /* SceneDelegate.swift */,
				7749741E27BC870400D47F9D /* Main.storyboard */,
				7749742127BC870500D47F9D /* Assets.xcassets */,
				7749742327BC870500D47F9D /* LaunchScreen.storyboard */,
				7749742627BC870500D47F9D /* Info.plist */,
				7749742C27BC881E00D47F9D /* GoogleService-Info.plist */,
			);
			path = "Be happy";
			sourceTree = "<group>";
		};
		77B741F427BDCBE700D3C54E /* abas */ = {
			isa = PBXGroup;
			children = (
				77B741F527BDCC0500D3C54E /* PerfilViewController.swift */,
				77B741F727BDCC1800D3C54E /* UsuariosViewController.swift */,
				77ED159627BE879A00E8F1F1 /* PostViewController.swift */,
			);
			path = abas;
			sourceTree = "<group>";
		};
		DA371B9C086BF9D3664E6047 /* Frameworks */ = {
			isa = PBXGroup;
			children = (
				B814B3EBAF39DEF1D0C5E41A /* Pods_Be_happy.framework */,
			);
			name = Frameworks;
			sourceTree = "<group>";
		};
		EA2E38D8A44A9AC3C8F036E1 /* Pods */ = {
			isa = PBXGroup;
			children = (
				2CF47A9F2558DB9443104B7C /* Pods-Be happy.debug.xcconfig */,
				6C648E5CE30CC71D7C5C964C /* Pods-Be happy.release.xcconfig */,
			);
			path = Pods;
			sourceTree = "<group>";
		};
/* End PBXGroup section */

/* Begin PBXNativeTarget section */
		7749741427BC870400D47F9D /* Be happy */ = {
			isa = PBXNativeTarget;
			buildConfigurationList = 7749742927BC870500D47F9D /* Build configuration list for PBXNativeTarget "Be happy" */;
			buildPhases = (
				DF365F0B5EF02C7BA2B09997 /* [CP] Check Pods Manifest.lock */,
				7749741127BC870400D47F9D /* Sources */,
				7749741227BC870400D47F9D /* Frameworks */,
				7749741327BC870400D47F9D /* Resources */,
				69FC8B0F567A1D8F3CB30476 /* [CP] Embed Pods Frameworks */,
			);
			buildRules = (
			);
			dependencies = (
			);
			name = "Be happy";
			productName = "Be happy";
			productReference = 7749741527BC870400D47F9D /* Be happy.app */;
			productType = "com.apple.product-type.application";
		};
/* End PBXNativeTarget section */

/* Begin PBXProject section */
		7749740D27BC870400D47F9D /* Project object */ = {
			isa = PBXProject;
			attributes = {
				BuildIndependentTargetsInParallel = 1;
				LastSwiftUpdateCheck = 1320;
				LastUpgradeCheck = 1320;
				TargetAttributes = {
					7749741427BC870400D47F9D = {
						CreatedOnToolsVersion = 13.2.1;
					};
				};
			};
			buildConfigurationList = 7749741027BC870400D47F9D /* Build configuration list for PBXProject "Be happy" */;
			compatibilityVersion = "Xcode 13.0";
			developmentRegion = en;
			hasScannedForEncodings = 0;
			knownRegions = (
				en,
				Base,
			);
			mainGroup = 7749740C27BC870400D47F9D;
			productRefGroup = 7749741627BC870400D47F9D /* Products */;
			projectDirPath = "";
			projectRoot = "";
			targets = (
				7749741427BC870400D47F9D /* Be happy */,
			);
		};
/* End PBXProject section */

/* Begin PBXResourcesBuildPhase section */
		7749741327BC870400D47F9D /* Resources */ = {
			isa = PBXResourcesBuildPhase;
			buildActionMask = 2147483647;
			files = (
				7749742527BC870500D47F9D /* LaunchScreen.storyboard in Resources */,
				7749742D27BC881E00D47F9D /* GoogleService-Info.plist in Resources */,
				7749742227BC870500D47F9D /* Assets.xcassets in Resources */,
				7749742027BC870400D47F9D /* Main.storyboard in Resources */,
			);
			runOnlyForDeploymentPostprocessing = 0;
		};
/* End PBXResourcesBuildPhase section */

/* Begin PBXShellScriptBuildPhase section */
		69FC8B0F567A1D8F3CB30476 /* [CP] Embed Pods Frameworks */ = {
			isa = PBXShellScriptBuildPhase;
			buildActionMask = 2147483647;
			files = (
			);
			inputFileListPaths = (
				"${PODS_ROOT}/Target Support Files/Pods-Be happy/Pods-Be happy-frameworks-${CONFIGURATION}-input-files.xcfilelist",
			);
			name = "[CP] Embed Pods Frameworks";
			outputFileListPaths = (
				"${PODS_ROOT}/Target Support Files/Pods-Be happy/Pods-Be happy-frameworks-${CONFIGURATION}-output-files.xcfilelist",
			);
			runOnlyForDeploymentPostprocessing = 0;
			shellPath = /bin/sh;
			shellScript = "\"${PODS_ROOT}/Target Support Files/Pods-Be happy/Pods-Be happy-frameworks.sh\"\n";
			showEnvVarsInLog = 0;
		};
		DF365F0B5EF02C7BA2B09997 /* [CP] Check Pods Manifest.lock */ = {
			isa = PBXShellScriptBuildPhase;
			buildActionMask = 2147483647;
			files = (
			);
			inputFileListPaths = (
			);
			inputPaths = (
				"${PODS_PODFILE_DIR_PATH}/Podfile.lock",
				"${PODS_ROOT}/Manifest.lock",
			);
			name = "[CP] Check Pods Manifest.lock";
			outputFileListPaths = (
			);
			outputPaths = (
				"$(DERIVED_FILE_DIR)/Pods-Be happy-checkManifestLockResult.txt",
			);
			runOnlyForDeploymentPostprocessing = 0;
			shellPath = /bin/sh;
			shellScript = "diff \"${PODS_PODFILE_DIR_PATH}/Podfile.lock\" \"${PODS_ROOT}/Manifest.lock\" > /dev/null\nif [ $? != 0 ] ; then\n    # print error to STDERR\n    echo \"error: The sandbox is not in sync with the Podfile.lock. Run 'pod install' or update your CocoaPods installation.\" >&2\n    exit 1\nfi\n# This output is used by Xcode 'outputs' to avoid re-running this script phase.\necho \"SUCCESS\" > \"${SCRIPT_OUTPUT_FILE_0}\"\n";
			showEnvVarsInLog = 0;
		};
/* End PBXShellScriptBuildPhase section */

/* Begin PBXSourcesBuildPhase section */
		7749741127BC870400D47F9D /* Sources */ = {
			isa = PBXSourcesBuildPhase;
			buildActionMask = 2147483647;
			files = (
				772DD28527BD41C500557D04 /* LoginViewController.swift in Sources */,
				77B741F827BDCC1800D3C54E /* UsuariosViewController.swift in Sources */,
				77ED159727BE879A00E8F1F1 /* PostViewController.swift in Sources */,
				7749741927BC870400D47F9D /* AppDelegate.swift in Sources */,
				7749741B27BC870400D47F9D /* SceneDelegate.swift in Sources */,
				772DD28727BD41EF00557D04 /* CadastroViewController.swift in Sources */,
				77B741F627BDCC0500D3C54E /* PerfilViewController.swift in Sources */,
				770ECB9927BFDBC500FF5D61 /* PostsTableViewCell.swift in Sources */,
			);
			runOnlyForDeploymentPostprocessing = 0;
		};
/* End PBXSourcesBuildPhase section */

/* Begin PBXVariantGroup section */
		7749741E27BC870400D47F9D /* Main.storyboard */ = {
			isa = PBXVariantGroup;
			children = (
				7749741F27BC870400D47F9D /* Base */,
			);
			name = Main.storyboard;
			sourceTree = "<group>";
		};
		7749742327BC870500D47F9D /* LaunchScreen.storyboard */ = {
			isa = PBXVariantGroup;
			children = (
				7749742427BC870500D47F9D /* Base */,
			);
			name = LaunchScreen.storyboard;
			sourceTree = "<group>";
		};
/* End PBXVariantGroup section */

/* Begin XCBuildConfiguration section */
		7749742727BC870500D47F9D /* Debug */ = {
			isa = XCBuildConfiguration;
			buildSettings = {
				ALWAYS_SEARCH_USER_PATHS = NO;
				CLANG_ANALYZER_NONNULL = YES;
				CLANG_ANALYZER_NUMBER_OBJECT_CONVERSION = YES_AGGRESSIVE;
				CLANG_CXX_LANGUAGE_STANDARD = "gnu++17";
				CLANG_CXX_LIBRARY = "libc++";
				CLANG_ENABLE_MODULES = YES;
				CLANG_ENABLE_OBJC_ARC = YES;
				CLANG_ENABLE_OBJC_WEAK = YES;
				CLANG_WARN_BLOCK_CAPTURE_AUTORELEASING = YES;
				CLANG_WARN_BOOL_CONVERSION = YES;
				CLANG_WARN_COMMA = YES;
				CLANG_WARN_CONSTANT_CONVERSION = YES;
				CLANG_WARN_DEPRECATED_OBJC_IMPLEMENTATIONS = YES;
				CLANG_WARN_DIRECT_OBJC_ISA_USAGE = YES_ERROR;
				CLANG_WARN_DOCUMENTATION_COMMENTS = YES;
				CLANG_WARN_EMPTY_BODY = YES;
				CLANG_WARN_ENUM_CONVERSION = YES;
				CLANG_WARN_INFINITE_RECURSION = YES;
				CLANG_WARN_INT_CONVERSION = YES;
				CLANG_WARN_NON_LITERAL_NULL_CONVERSION = YES;
				CLANG_WARN_OBJC_IMPLICIT_RETAIN_SELF = YES;
				CLANG_WARN_OBJC_LITERAL_CONVERSION = YES;
				CLANG_WARN_OBJC_ROOT_CLASS = YES_ERROR;
				CLANG_WARN_QUOTED_INCLUDE_IN_FRAMEWORK_HEADER = YES;
				CLANG_WARN_RANGE_LOOP_ANALYSIS = YES;
				CLANG_WARN_STRICT_PROTOTYPES = YES;
				CLANG_WARN_SUSPICIOUS_MOVE = YES;
				CLANG_WARN_UNGUARDED_AVAILABILITY = YES_AGGRESSIVE;
				CLANG_WARN_UNREACHABLE_CODE = YES;
				CLANG_WARN__DUPLICATE_METHOD_MATCH = YES;
				COPY_PHASE_STRIP = NO;
				DEBUG_INFORMATION_FORMAT = dwarf;
				ENABLE_STRICT_OBJC_MSGSEND = YES;
				ENABLE_TESTABILITY = YES;
				GCC_C_LANGUAGE_STANDARD = gnu11;
				GCC_DYNAMIC_NO_PIC = NO;
				GCC_NO_COMMON_BLOCKS = YES;
				GCC_OPTIMIZATION_LEVEL = 0;
				GCC_PREPROCESSOR_DEFINITIONS = (
					"DEBUG=1",
					"$(inherited)",
				);
				GCC_WARN_64_TO_32_BIT_CONVERSION = YES;
				GCC_WARN_ABOUT_RETURN_TYPE = YES_ERROR;
				GCC_WARN_UNDECLARED_SELECTOR = YES;
				GCC_WARN_UNINITIALIZED_AUTOS = YES_AGGRESSIVE;
				GCC_WARN_UNUSED_FUNCTION = YES;
				GCC_WARN_UNUSED_VARIABLE = YES;
				IPHONEOS_DEPLOYMENT_TARGET = 15.2;
				MTL_ENABLE_DEBUG_INFO = INCLUDE_SOURCE;
				MTL_FAST_MATH = YES;
				ONLY_ACTIVE_ARCH = YES;
				SDKROOT = iphoneos;
				SWIFT_ACTIVE_COMPILATION_CONDITIONS = DEBUG;
				SWIFT_OPTIMIZATION_LEVEL = "-Onone";
			};
			name = Debug;
		};
		7749742827BC870500D47F9D /* Release */ = {
			isa = XCBuildConfiguration;
			buildSettings = {
				ALWAYS_SEARCH_USER_PATHS = NO;
				CLANG_ANALYZER_NONNULL = YES;
				CLANG_ANALYZER_NUMBER_OBJECT_CONVERSION = YES_AGGRESSIVE;
				CLANG_CXX_LANGUAGE_STANDARD = "gnu++17";
				CLANG_CXX_LIBRARY = "libc++";
				CLANG_ENABLE_MODULES = YES;
				CLANG_ENABLE_OBJC_ARC = YES;
				CLANG_ENABLE_OBJC_WEAK = YES;
				CLANG_WARN_BLOCK_CAPTURE_AUTORELEASING = YES;
				CLANG_WARN_BOOL_CONVERSION = YES;
				CLANG_WARN_COMMA = YES;
				CLANG_WARN_CONSTANT_CONVERSION = YES;
				CLANG_WARN_DEPRECATED_OBJC_IMPLEMENTATIONS = YES;
				CLANG_WARN_DIRECT_OBJC_ISA_USAGE = YES_ERROR;
				CLANG_WARN_DOCUMENTATION_COMMENTS = YES;
				CLANG_WARN_EMPTY_BODY = YES;
				CLANG_WARN_ENUM_CONVERSION = YES;
				CLANG_WARN_INFINITE_RECURSION = YES;
				CLANG_WARN_INT_CONVERSION = YES;
				CLANG_WARN_NON_LITERAL_NULL_CONVERSION = YES;
				CLANG_WARN_OBJC_IMPLICIT_RETAIN_SELF = YES;
				CLANG_WARN_OBJC_LITERAL_CONVERSION = YES;
				CLANG_WARN_OBJC_ROOT_CLASS = YES_ERROR;
				CLANG_WARN_QUOTED_INCLUDE_IN_FRAMEWORK_HEADER = YES;
				CLANG_WARN_RANGE_LOOP_ANALYSIS = YES;
				CLANG_WARN_STRICT_PROTOTYPES = YES;
				CLANG_WARN_SUSPICIOUS_MOVE = YES;
				CLANG_WARN_UNGUARDED_AVAILABILITY = YES_AGGRESSIVE;
				CLANG_WARN_UNREACHABLE_CODE = YES;
				CLANG_WARN__DUPLICATE_METHOD_MATCH = YES;
				COPY_PHASE_STRIP = NO;
				DEBUG_INFORMATION_FORMAT = "dwarf-with-dsym";
				ENABLE_NS_ASSERTIONS = NO;
				ENABLE_STRICT_OBJC_MSGSEND = YES;
				GCC_C_LANGUAGE_STANDARD = gnu11;
				GCC_NO_COMMON_BLOCKS = YES;
				GCC_WARN_64_TO_32_BIT_CONVERSION = YES;
				GCC_WARN_ABOUT_RETURN_TYPE = YES_ERROR;
				GCC_WARN_UNDECLARED_SELECTOR = YES;
				GCC_WARN_UNINITIALIZED_AUTOS = YES_AGGRESSIVE;
				GCC_WARN_UNUSED_FUNCTION = YES;
				GCC_WARN_UNUSED_VARIABLE = YES;
				IPHONEOS_DEPLOYMENT_TARGET = 15.2;
				MTL_ENABLE_DEBUG_INFO = NO;
				MTL_FAST_MATH = YES;
				SDKROOT = iphoneos;
				SWIFT_COMPILATION_MODE = wholemodule;
				SWIFT_OPTIMIZATION_LEVEL = "-O";
				VALIDATE_PRODUCT = YES;
			};
			name = Release;
		};
		7749742A27BC870500D47F9D /* Debug */ = {
			isa = XCBuildConfiguration;
			baseConfigurationReference = 2CF47A9F2558DB9443104B7C /* Pods-Be happy.debug.xcconfig */;
			buildSettings = {
				ASSETCATALOG_COMPILER_APPICON_NAME = AppIcon;
				ASSETCATALOG_COMPILER_GLOBAL_ACCENT_COLOR_NAME = AccentColor;
				CODE_SIGN_STYLE = Automatic;
				CURRENT_PROJECT_VERSION = 1;
				GENERATE_INFOPLIST_FILE = YES;
				INFOPLIST_FILE = "Be happy/Info.plist";
				INFOPLIST_KEY_UIApplicationSupportsIndirectInputEvents = YES;
				INFOPLIST_KEY_UILaunchStoryboardName = LaunchScreen;
				INFOPLIST_KEY_UIMainStoryboardFile = Main;
				INFOPLIST_KEY_UISupportedInterfaceOrientations = UIInterfaceOrientationPortrait;
				INFOPLIST_KEY_UISupportedInterfaceOrientations_iPad = "UIInterfaceOrientationPortrait UIInterfaceOrientationPortraitUpsideDown UIInterfaceOrientationLandscapeLeft UIInterfaceOrientationLandscapeRight";
				INFOPLIST_KEY_UISupportedInterfaceOrientations_iPhone = "UIInterfaceOrientationPortrait UIInterfaceOrientationLandscapeLeft UIInterfaceOrientationLandscapeRight";
				LD_RUNPATH_SEARCH_PATHS = (
					"$(inherited)",
					"@executable_path/Frameworks",
				);
				MARKETING_VERSION = 1.0;
				PRODUCT_BUNDLE_IDENTIFIER = "com.gabrielacleim.Be-happy";
				PRODUCT_NAME = "$(TARGET_NAME)";
				SWIFT_EMIT_LOC_STRINGS = YES;
				SWIFT_VERSION = 5.0;
				TARGETED_DEVICE_FAMILY = "1,2";
			};
			name = Debug;
		};
		7749742B27BC870500D47F9D /* Release */ = {
			isa = XCBuildConfiguration;
			baseConfigurationReference = 6C648E5CE30CC71D7C5C964C /* Pods-Be happy.release.xcconfig */;
			buildSettings = {
				ASSETCATALOG_COMPILER_APPICON_NAME = AppIcon;
				ASSETCATALOG_COMPILER_GLOBAL_ACCENT_COLOR_NAME = AccentColor;
				CODE_SIGN_STYLE = Automatic;
				CURRENT_PROJECT_VERSION = 1;
				GENERATE_INFOPLIST_FILE = YES;
				INFOPLIST_FILE = "Be happy/Info.plist";
				INFOPLIST_KEY_UIApplicationSupportsIndirectInputEvents = YES;
				INFOPLIST_KEY_UILaunchStoryboardName = LaunchScreen;
				INFOPLIST_KEY_UIMainStoryboardFile = Main;
				INFOPLIST_KEY_UISupportedInterfaceOrientations = UIInterfaceOrientationPortrait;
				INFOPLIST_KEY_UISupportedInterfaceOrientations_iPad = "UIInterfaceOrientationPortrait UIInterfaceOrientationPortraitUpsideDown UIInterfaceOrientationLandscapeLeft UIInterfaceOrientationLandscapeRight";
				INFOPLIST_KEY_UISupportedInterfaceOrientations_iPhone = "UIInterfaceOrientationPortrait UIInterfaceOrientationLandscapeLeft UIInterfaceOrientationLandscapeRight";
				LD_RUNPATH_SEARCH_PATHS = (
					"$(inherited)",
					"@executable_path/Frameworks",
				);
				MARKETING_VERSION = 1.0;
				PRODUCT_BUNDLE_IDENTIFIER = "com.gabrielacleim.Be-happy";
				PRODUCT_NAME = "$(TARGET_NAME)";
				SWIFT_EMIT_LOC_STRINGS = YES;
				SWIFT_VERSION = 5.0;
				TARGETED_DEVICE_FAMILY = "1,2";
			};
			name = Release;
		};
/* End XCBuildConfiguration section */

/* Begin XCConfigurationList section */
		7749741027BC870400D47F9D /* Build configuration list for PBXProject "Be happy" */ = {
			isa = XCConfigurationList;
			buildConfigurations = (
				7749742727BC870500D47F9D /* Debug */,
				7749742827BC870500D47F9D /* Release */,
			);
			defaultConfigurationIsVisible = 0;
			defaultConfigurationName = Release;
		};
		7749742927BC870500D47F9D /* Build configuration list for PBXNativeTarget "Be happy" */ = {
			isa = XCConfigurationList;
			buildConfigurations = (
				7749742A27BC870500D47F9D /* Debug */,
				7749742B27BC870500D47F9D /* Release */,
			);
			defaultConfigurationIsVisible = 0;
			defaultConfigurationName = Release;
		};
/* End XCConfigurationList section */
	};
	rootObject = 7749740D27BC870400D47F9D /* Project object */;
}
